{
  "name": "platforms_nodejs",
  "version": "1.0.0",
  "lockfileVersion": 2,
  "requires": true,
  "packages": {
    "": {
      "name": "platforms_nodejs",
      "version": "1.0.0",
      "license": "ISC",
      "dependencies": {
        "@anastasialunina/platforms": "^1.0.0"
      }
    },
    "node_modules/@anastasialunina/platforms": {
      "version": "1.0.0",
      "resolved": "https://npm.pkg.github.com/download/@anastasialunina/platforms/1.0.0/c0071da0bac9ac6bb6a896602321fb34160f0379f54db3a14fd79e593f7ddb89",
      "integrity": "sha512-yLPzA953ltj4z7BBvZl+0xye9lxVBlrxxv0+bduuLgcZeGyr9OVhZVzFzux9sDveg3nNHu1y+HDTFPCv4Q4mIQ==",
      "license": "ISC"
    }
  },
  "dependencies": {
    "@anastasialunina/platforms": {
      "version": "1.0.0",
      "resolved": "https://npm.pkg.github.com/download/@anastasialunina/platforms/1.0.0/c0071da0bac9ac6bb6a896602321fb34160f0379f54db3a14fd79e593f7ddb89",
      "integrity": "sha512-yLPzA953ltj4z7BBvZl+0xye9lxVBlrxxv0+bduuLgcZeGyr9OVhZVzFzux9sDveg3nNHu1y+HDTFPCv4Q4mIQ=="
    }
  }
}
